PODS:
  - MBProgressHUD (1.2.0)
  - MG_Utils (0.1.2):
    - MBProgressHUD (~> 1.2.0)

DEPENDENCIES:
  - MG_Utils (from `../`)

SPEC REPOS:
  trunk:
    - MBProgressHUD

EXTERNAL SOURCES:
  MG_Utils:
    :path: "../"

SPEC CHECKSUMS:
  MBProgressHUD: 3ee5efcc380f6a79a7cc9b363dd669c5e1ae7406
  MG_Utils: e0f7607e3cadf45f408e5875e30b011031e0600d

PODFILE CHECKSUM: 476bb6a7b5d31ddd85fb898e783f4c5289bb62ce

COCOAPODS: 1.12.1
