PODS:
  - MBProgressHUD (1.2.0)
  - MGAppUtils (0.1.2):
    - MBProgressHUD (~> 1.2.0)

DEPENDENCIES:
  - MGAppUtils (from `../`)

SPEC REPOS:
  trunk:
    - MBProgressHUD

EXTERNAL SOURCES:
  MGAppUtils:
    :path: "../"

SPEC CHECKSUMS:
  MBProgressHUD: 3ee5efcc380f6a79a7cc9b363dd669c5e1ae7406
  MGAppUtils: f27416eb664da51b147a966f073132689b293b14

PODFILE CHECKSUM: 3eff599050b51b58583004dd66791734fe58616f

COCOAPODS: 1.12.1
