PODS:
  - MBProgressHUD (1.2.0)
  - MGAppUtils (0.2.1):
    - MBProgressHUD (~> 1.2.0)

DEPENDENCIES:
  - MGAppUtils (from `../`)

SPEC REPOS:
  trunk:
    - MBProgressHUD

EXTERNAL SOURCES:
  MGAppUtils:
    :path: "../"

SPEC CHECKSUMS:
  MBProgressHUD: 3ee5efcc380f6a79a7cc9b363dd669c5e1ae7406
  MGAppUtils: fb14fa7adbc25c120e70fa051ba75c29fe159b20

PODFILE CHECKSUM: 5253df0f5963d6dcaa120d122d065bd7fbff4581

COCOAPODS: 1.16.2
